// !$*UTF8*$!
{
	archiveVersion = 1;
	classes = {
	};
	objectVersion = 46;
	objects = {

/* Begin PBXBuildFile section */
		0AA450F1139B0C68007F4556 /* DealMe-Field.png in Resources */ = {isa = PBXBuildFile; fileRef = 0AA450EF139B0C68007F4556 /* DealMe-Field.png */; };
		0AA450F2139B0C68007F4556 /* DealMe-Login-Button.png in Resources */ = {isa = PBXBuildFile; fileRef = 0AA450F0139B0C68007F4556 /* DealMe-Login-Button.png */; };
		0AA450F6139B102E007F4556 /* MITextField.m in Sources */ = {isa = PBXBuildFile; fileRef = 0AA450F5139B102E007F4556 /* MITextField.m */; };
		0AA45100139B1754007F4556 /* Default.png in Resources */ = {isa = PBXBuildFile; fileRef = 0AA450FF139B1754007F4556 /* Default.png */; };
		0AD64B81139AD89A00E01398 /* UIKit.framework in Frameworks */ = {isa = PBXBuildFile; fileRef = 0AD64B80139AD89A00E01398 /* UIKit.framework */; };
		0AD64B83139AD89A00E01398 /* Foundation.framework in Frameworks */ = {isa = PBXBuildFile; fileRef = 0AD64B82139AD89A00E01398 /* Foundation.framework */; };
		0AD64B85139AD89A00E01398 /* CoreGraphics.framework in Frameworks */ = {isa = PBXBuildFile; fileRef = 0AD64B84139AD89A00E01398 /* CoreGraphics.framework */; };
		0AD64B8B139AD89A00E01398 /* InfoPlist.strings in Resources */ = {isa = PBXBuildFile; fileRef = 0AD64B89139AD89A00E01398 /* InfoPlist.strings */; };
		0AD64B8E139AD89A00E01398 /* main.m in Sources */ = {isa = PBXBuildFile; fileRef = 0AD64B8D139AD89A00E01398 /* main.m */; };
		0AD64B91139AD89A00E01398 /* miDealsAppDelegate.m in Sources */ = {isa = PBXBuildFile; fileRef = 0AD64B90139AD89A00E01398 /* miDealsAppDelegate.m */; };
		0AD64B94139AD89A00E01398 /* MainWindow.xib in Resources */ = {isa = PBXBuildFile; fileRef = 0AD64B92139AD89A00E01398 /* MainWindow.xib */; };
		0AD64B97139AD89A00E01398 /* MILoginViewController.m in Sources */ = {isa = PBXBuildFile; fileRef = 0AD64B96139AD89A00E01398 /* MILoginViewController.m */; };
		0AD64B9A139AD89A00E01398 /* MILoginViewController.xib in Resources */ = {isa = PBXBuildFile; fileRef = 0AD64B98139AD89A00E01398 /* MILoginViewController.xib */; };
		0AD64BD5139ADA7B00E01398 /* UIAlertView+NWToolbox.m in Sources */ = {isa = PBXBuildFile; fileRef = 0AD64BD4139ADA7B00E01398 /* UIAlertView+NWToolbox.m */; };
		0AD64BE1139ADD2500E01398 /* MICouponsTableViewController.m in Sources */ = {isa = PBXBuildFile; fileRef = 0AD64BDF139ADD2500E01398 /* MICouponsTableViewController.m */; };
		0AD64BE2139ADD2500E01398 /* MICouponsTableViewController.xib in Resources */ = {isa = PBXBuildFile; fileRef = 0AD64BE0139ADD2500E01398 /* MICouponsTableViewController.xib */; };
		0AD64BE7139ADDA300E01398 /* MIAddCouponTableViewController.m in Sources */ = {isa = PBXBuildFile; fileRef = 0AD64BE5139ADDA300E01398 /* MIAddCouponTableViewController.m */; };
		0AD64BE8139ADDA300E01398 /* MIAddCouponTableViewController.xib in Resources */ = {isa = PBXBuildFile; fileRef = 0AD64BE6139ADDA300E01398 /* MIAddCouponTableViewController.xib */; };
		0AD64BEC139ADDE600E01398 /* MICouponDetailsViewController.m in Sources */ = {isa = PBXBuildFile; fileRef = 0AD64BEA139ADDE600E01398 /* MICouponDetailsViewController.m */; };
		0AD64BED139ADDE600E01398 /* MICouponDetailsViewController.xib in Resources */ = {isa = PBXBuildFile; fileRef = 0AD64BEB139ADDE600E01398 /* MICouponDetailsViewController.xib */; };
		0AD64BF4139AE6A700E01398 /* MIViewController.m in Sources */ = {isa = PBXBuildFile; fileRef = 0AD64BF3139AE6A700E01398 /* MIViewController.m */; };
		0AD64BF8139AE70000E01398 /* MITableViewController.m in Sources */ = {isa = PBXBuildFile; fileRef = 0AD64BF7139AE70000E01398 /* MITableViewController.m */; };
		0AD64BFB139AE83200E01398 /* MICouponTableViewCell.m in Sources */ = {isa = PBXBuildFile; fileRef = 0AD64BFA139AE83200E01398 /* MICouponTableViewCell.m */; };
		0AD64C2C139AE97B00E01398 /* NWAsyncImage.m in Sources */ = {isa = PBXBuildFile; fileRef = 0AD64C29139AE97B00E01398 /* NWAsyncImage.m */; };
		0AD64C2D139AE97B00E01398 /* NWAsyncImageView.m in Sources */ = {isa = PBXBuildFile; fileRef = 0AD64C2B139AE97B00E01398 /* NWAsyncImageView.m */; };
		0AD64C36139AEA5800E01398 /* GDataHTTPFetcher.m in Sources */ = {isa = PBXBuildFile; fileRef = 0AD64C31139AEA5800E01398 /* GDataHTTPFetcher.m */; };
		0AD64C37139AEA5800E01398 /* GDataHTTPFetcherLogging.m in Sources */ = {isa = PBXBuildFile; fileRef = 0AD64C33139AEA5800E01398 /* GDataHTTPFetcherLogging.m */; };
		0AD64C38139AEA5800E01398 /* GDataProgressMonitorInputStream.m in Sources */ = {isa = PBXBuildFile; fileRef = 0AD64C35139AEA5800E01398 /* GDataProgressMonitorInputStream.m */; };
		0AD64C3B139AEA7E00E01398 /* NSString+NWToolbox.m in Sources */ = {isa = PBXBuildFile; fileRef = 0AD64C3A139AEA7E00E01398 /* NSString+NWToolbox.m */; };
		0AD64C3E139AEA8B00E01398 /* NWUtils.m in Sources */ = {isa = PBXBuildFile; fileRef = 0AD64C3D139AEA8B00E01398 /* NWUtils.m */; };
		0AD64C41139AEA9900E01398 /* UIImageAdditions.m in Sources */ = {isa = PBXBuildFile; fileRef = 0AD64C40139AEA9900E01398 /* UIImageAdditions.m */; };
		0AD64C44139AEAAD00E01398 /* NSData+NWToolbox.m in Sources */ = {isa = PBXBuildFile; fileRef = 0AD64C43139AEAAD00E01398 /* NSData+NWToolbox.m */; };
		0AD64C46139AEAC900E01398 /* QuartzCore.framework in Frameworks */ = {isa = PBXBuildFile; fileRef = 0AD64C45139AEAC800E01398 /* QuartzCore.framework */; };
		0AD64C4A139AEB9600E01398 /* MICoupon.m in Sources */ = {isa = PBXBuildFile; fileRef = 0AD64C49139AEB9600E01398 /* MICoupon.m */; };
		0AD64C56139AED2700E01398 /* DealMe-+-icon.png in Resources */ = {isa = PBXBuildFile; fileRef = 0AD64C4C139AED2700E01398 /* DealMe-+-icon.png */; };
		0AD64C57139AED2700E01398 /* DealMe->-icon.png in Resources */ = {isa = PBXBuildFile; fileRef = 0AD64C4D139AED2700E01398 /* DealMe->-icon.png */; };
		0AD64C58139AED2700E01398 /* DealMe-background.png in Resources */ = {isa = PBXBuildFile; fileRef = 0AD64C4E139AED2700E01398 /* DealMe-background.png */; };
		0AD64C59139AED2700E01398 /* DealMe-Boom-Logo.png in Resources */ = {isa = PBXBuildFile; fileRef = 0AD64C4F139AED2700E01398 /* DealMe-Boom-Logo.png */; };
		0AD64C5A139AED2700E01398 /* DealMe-Buy-Logo.png in Resources */ = {isa = PBXBuildFile; fileRef = 0AD64C50139AED2700E01398 /* DealMe-Buy-Logo.png */; };
		0AD64C5B139AED2700E01398 /* DealMe-Groupon-Logo.png in Resources */ = {isa = PBXBuildFile; fileRef = 0AD64C51139AED2700E01398 /* DealMe-Groupon-Logo.png */; };
		0AD64C5C139AED2700E01398 /* DealMe-Living-Logo.png in Resources */ = {isa = PBXBuildFile; fileRef = 0AD64C52139AED2700E01398 /* DealMe-Living-Logo.png */; };
		0AD64C5D139AED2700E01398 /* DealMe-Logo-L.png in Resources */ = {isa = PBXBuildFile; fileRef = 0AD64C53139AED2700E01398 /* DealMe-Logo-L.png */; };
		0AD64C5E139AED2700E01398 /* DealMe-Logo-S.png in Resources */ = {isa = PBXBuildFile; fileRef = 0AD64C54139AED2700E01398 /* DealMe-Logo-S.png */; };
		0AD64C5F139AED2700E01398 /* DealMe-twitter-icon.png in Resources */ = {isa = PBXBuildFile; fileRef = 0AD64C55139AED2700E01398 /* DealMe-twitter-icon.png */; };
		0AD64C61139AEF6200E01398 /* DealMe-Placeholder.png in Resources */ = {isa = PBXBuildFile; fileRef = 0AD64C60139AEF6200E01398 /* DealMe-Placeholder.png */; };
		0AD64C64139AF27A00E01398 /* MIAddCouponTableViewCell.m in Sources */ = {isa = PBXBuildFile; fileRef = 0AD64C63139AF27800E01398 /* MIAddCouponTableViewCell.m */; };
		0AD64C6F139B035700E01398 /* DealMe-Barcode.png in Resources */ = {isa = PBXBuildFile; fileRef = 0AD64C6D139B035600E01398 /* DealMe-Barcode.png */; };
		0AD64C70139B035700E01398 /* DealMe-Priceholder.png in Resources */ = {isa = PBXBuildFile; fileRef = 0AD64C6E139B035600E01398 /* DealMe-Priceholder.png */; };
		0AD64C72139B06A900E01398 /* NWBackArrow.png in Resources */ = {isa = PBXBuildFile; fileRef = 0AD64C71139B06A800E01398 /* NWBackArrow.png */; };
		0AD64C75139B072F00E01398 /* MIHeaderView.m in Sources */ = {isa = PBXBuildFile; fileRef = 0AD64C74139B072C00E01398 /* MIHeaderView.m */; };
		D74C3E63139AFDFB001101A2 /* MIBackendConnection.m in Sources */ = {isa = PBXBuildFile; fileRef = D74C3E62139AFDFB001101A2 /* MIBackendConnection.m */; };
		D78B635E139B08C800F476FB /* JSONKit.m in Sources */ = {isa = PBXBuildFile; fileRef = D78B635D139B08C800F476FB /* JSONKit.m */; };
		D78B6395139B0CD300F476FB /* UIKit.framework in Frameworks */ = {isa = PBXBuildFile; fileRef = 0AD64B80139AD89A00E01398 /* UIKit.framework */; };
		D78B6396139B0CD300F476FB /* Foundation.framework in Frameworks */ = {isa = PBXBuildFile; fileRef = 0AD64B82139AD89A00E01398 /* Foundation.framework */; };
		D78B6397139B0CD300F476FB /* CoreGraphics.framework in Frameworks */ = {isa = PBXBuildFile; fileRef = 0AD64B84139AD89A00E01398 /* CoreGraphics.framework */; };
		D78B639D139B0CD300F476FB /* InfoPlist.strings in Resources */ = {isa = PBXBuildFile; fileRef = D78B639B139B0CD300F476FB /* InfoPlist.strings */; };
		D78B63A0139B0CD300F476FB /* Tests.h in Resources */ = {isa = PBXBuildFile; fileRef = D78B639F139B0CD300F476FB /* Tests.h */; };
		D78B63A2139B0CD300F476FB /* Tests.m in Sources */ = {isa = PBXBuildFile; fileRef = D78B63A1139B0CD300F476FB /* Tests.m */; };
/* End PBXBuildFile section */

/* Begin PBXContainerItemProxy section */
		D78B63A6139B0CF400F476FB /* PBXContainerItemProxy */ = {
			isa = PBXContainerItemProxy;
			containerPortal = 0AD64B73139AD89A00E01398 /* Project object */;
			proxyType = 1;
			remoteGlobalIDString = 0AD64B7B139AD89A00E01398;
			remoteInfo = miDeals;
		};
/* End PBXContainerItemProxy section */

/* Begin PBXFileReference section */
		0AA450EF139B0C68007F4556 /* DealMe-Field.png */ = {isa = PBXFileReference; lastKnownFileType = image.png; path = "DealMe-Field.png"; sourceTree = "<group>"; };
		0AA450F0139B0C68007F4556 /* DealMe-Login-Button.png */ = {isa = PBXFileReference; lastKnownFileType = image.png; path = "DealMe-Login-Button.png"; sourceTree = "<group>"; };
		0AA450F4139B102E007F4556 /* MITextField.h */ = {isa = PBXFileReference; fileEncoding = 4; lastKnownFileType = sourcecode.c.h; path = MITextField.h; sourceTree = "<group>"; };
		0AA450F5139B102E007F4556 /* MITextField.m */ = {isa = PBXFileReference; fileEncoding = 4; lastKnownFileType = sourcecode.c.objc; path = MITextField.m; sourceTree = "<group>"; };
		0AA450FF139B1754007F4556 /* Default.png */ = {isa = PBXFileReference; lastKnownFileType = image.png; path = Default.png; sourceTree = "<group>"; };
		0AD64B7C139AD89A00E01398 /* Deal Me.app */ = {isa = PBXFileReference; explicitFileType = wrapper.application; includeInIndex = 0; path = "Deal Me.app"; sourceTree = BUILT_PRODUCTS_DIR; };
		0AD64B80139AD89A00E01398 /* UIKit.framework */ = {isa = PBXFileReference; lastKnownFileType = wrapper.framework; name = UIKit.framework; path = System/Library/Frameworks/UIKit.framework; sourceTree = SDKROOT; };
		0AD64B82139AD89A00E01398 /* Foundation.framework */ = {isa = PBXFileReference; lastKnownFileType = wrapper.framework; name = Foundation.framework; path = System/Library/Frameworks/Foundation.framework; sourceTree = SDKROOT; };
		0AD64B84139AD89A00E01398 /* CoreGraphics.framework */ = {isa = PBXFileReference; lastKnownFileType = wrapper.framework; name = CoreGraphics.framework; path = System/Library/Frameworks/CoreGraphics.framework; sourceTree = SDKROOT; };
		0AD64B88139AD89A00E01398 /* miDeals-Info.plist */ = {isa = PBXFileReference; lastKnownFileType = text.plist.xml; path = "miDeals-Info.plist"; sourceTree = "<group>"; };
		0AD64B8A139AD89A00E01398 /* en */ = {isa = PBXFileReference; lastKnownFileType = text.plist.strings; name = en; path = en.lproj/InfoPlist.strings; sourceTree = "<group>"; };
		0AD64B8C139AD89A00E01398 /* miDeals-Prefix.pch */ = {isa = PBXFileReference; lastKnownFileType = sourcecode.c.h; path = "miDeals-Prefix.pch"; sourceTree = "<group>"; };
		0AD64B8D139AD89A00E01398 /* main.m */ = {isa = PBXFileReference; lastKnownFileType = sourcecode.c.objc; path = main.m; sourceTree = "<group>"; };
		0AD64B8F139AD89A00E01398 /* miDealsAppDelegate.h */ = {isa = PBXFileReference; lastKnownFileType = sourcecode.c.h; path = miDealsAppDelegate.h; sourceTree = "<group>"; };
		0AD64B90139AD89A00E01398 /* miDealsAppDelegate.m */ = {isa = PBXFileReference; lastKnownFileType = sourcecode.c.objc; path = miDealsAppDelegate.m; sourceTree = "<group>"; };
		0AD64B93139AD89A00E01398 /* en */ = {isa = PBXFileReference; lastKnownFileType = file.xib; name = en; path = en.lproj/MainWindow.xib; sourceTree = "<group>"; };
		0AD64B95139AD89A00E01398 /* MILoginViewController.h */ = {isa = PBXFileReference; lastKnownFileType = sourcecode.c.h; path = MILoginViewController.h; sourceTree = "<group>"; };
		0AD64B96139AD89A00E01398 /* MILoginViewController.m */ = {isa = PBXFileReference; lastKnownFileType = sourcecode.c.objc; path = MILoginViewController.m; sourceTree = "<group>"; };
		0AD64B99139AD89A00E01398 /* en */ = {isa = PBXFileReference; lastKnownFileType = file.xib; name = en; path = en.lproj/MILoginViewController.xib; sourceTree = "<group>"; };
		0AD64BD3139ADA7B00E01398 /* UIAlertView+NWToolbox.h */ = {isa = PBXFileReference; fileEncoding = 4; lastKnownFileType = sourcecode.c.h; path = "UIAlertView+NWToolbox.h"; sourceTree = "<group>"; };
		0AD64BD4139ADA7B00E01398 /* UIAlertView+NWToolbox.m */ = {isa = PBXFileReference; fileEncoding = 4; lastKnownFileType = sourcecode.c.objc; path = "UIAlertView+NWToolbox.m"; sourceTree = "<group>"; };
		0AD64BDE139ADD2500E01398 /* MICouponsTableViewController.h */ = {isa = PBXFileReference; fileEncoding = 4; lastKnownFileType = sourcecode.c.h; path = MICouponsTableViewController.h; sourceTree = "<group>"; };
		0AD64BDF139ADD2500E01398 /* MICouponsTableViewController.m */ = {isa = PBXFileReference; fileEncoding = 4; lastKnownFileType = sourcecode.c.objc; path = MICouponsTableViewController.m; sourceTree = "<group>"; };
		0AD64BE0139ADD2500E01398 /* MICouponsTableViewController.xib */ = {isa = PBXFileReference; fileEncoding = 4; lastKnownFileType = file.xib; path = MICouponsTableViewController.xib; sourceTree = "<group>"; };
		0AD64BE4139ADDA300E01398 /* MIAddCouponTableViewController.h */ = {isa = PBXFileReference; fileEncoding = 4; lastKnownFileType = sourcecode.c.h; path = MIAddCouponTableViewController.h; sourceTree = "<group>"; };
		0AD64BE5139ADDA300E01398 /* MIAddCouponTableViewController.m */ = {isa = PBXFileReference; fileEncoding = 4; lastKnownFileType = sourcecode.c.objc; path = MIAddCouponTableViewController.m; sourceTree = "<group>"; };
		0AD64BE6139ADDA300E01398 /* MIAddCouponTableViewController.xib */ = {isa = PBXFileReference; fileEncoding = 4; lastKnownFileType = file.xib; path = MIAddCouponTableViewController.xib; sourceTree = "<group>"; };
		0AD64BE9139ADDE600E01398 /* MICouponDetailsViewController.h */ = {isa = PBXFileReference; fileEncoding = 4; lastKnownFileType = sourcecode.c.h; path = MICouponDetailsViewController.h; sourceTree = "<group>"; };
		0AD64BEA139ADDE600E01398 /* MICouponDetailsViewController.m */ = {isa = PBXFileReference; fileEncoding = 4; lastKnownFileType = sourcecode.c.objc; path = MICouponDetailsViewController.m; sourceTree = "<group>"; };
		0AD64BEB139ADDE600E01398 /* MICouponDetailsViewController.xib */ = {isa = PBXFileReference; fileEncoding = 4; lastKnownFileType = file.xib; path = MICouponDetailsViewController.xib; sourceTree = "<group>"; };
		0AD64BF2139AE6A700E01398 /* MIViewController.h */ = {isa = PBXFileReference; fileEncoding = 4; lastKnownFileType = sourcecode.c.h; path = MIViewController.h; sourceTree = "<group>"; };
		0AD64BF3139AE6A700E01398 /* MIViewController.m */ = {isa = PBXFileReference; fileEncoding = 4; lastKnownFileType = sourcecode.c.objc; path = MIViewController.m; sourceTree = "<group>"; };
		0AD64BF6139AE6FF00E01398 /* MITableViewController.h */ = {isa = PBXFileReference; fileEncoding = 4; lastKnownFileType = sourcecode.c.h; path = MITableViewController.h; sourceTree = "<group>"; };
		0AD64BF7139AE70000E01398 /* MITableViewController.m */ = {isa = PBXFileReference; fileEncoding = 4; lastKnownFileType = sourcecode.c.objc; path = MITableViewController.m; sourceTree = "<group>"; };
		0AD64BF9139AE83100E01398 /* MICouponTableViewCell.h */ = {isa = PBXFileReference; fileEncoding = 4; lastKnownFileType = sourcecode.c.h; path = MICouponTableViewCell.h; sourceTree = "<group>"; };
		0AD64BFA139AE83200E01398 /* MICouponTableViewCell.m */ = {isa = PBXFileReference; fileEncoding = 4; lastKnownFileType = sourcecode.c.objc; path = MICouponTableViewCell.m; sourceTree = "<group>"; };
		0AD64C28139AE97B00E01398 /* NWAsyncImage.h */ = {isa = PBXFileReference; fileEncoding = 4; lastKnownFileType = sourcecode.c.h; path = NWAsyncImage.h; sourceTree = "<group>"; };
		0AD64C29139AE97B00E01398 /* NWAsyncImage.m */ = {isa = PBXFileReference; fileEncoding = 4; lastKnownFileType = sourcecode.c.objc; path = NWAsyncImage.m; sourceTree = "<group>"; };
		0AD64C2A139AE97B00E01398 /* NWAsyncImageView.h */ = {isa = PBXFileReference; fileEncoding = 4; lastKnownFileType = sourcecode.c.h; path = NWAsyncImageView.h; sourceTree = "<group>"; };
		0AD64C2B139AE97B00E01398 /* NWAsyncImageView.m */ = {isa = PBXFileReference; fileEncoding = 4; lastKnownFileType = sourcecode.c.objc; path = NWAsyncImageView.m; sourceTree = "<group>"; };
		0AD64C2F139AEA5800E01398 /* GDataDefines.h */ = {isa = PBXFileReference; fileEncoding = 4; lastKnownFileType = sourcecode.c.h; path = GDataDefines.h; sourceTree = "<group>"; };
		0AD64C30139AEA5800E01398 /* GDataHTTPFetcher.h */ = {isa = PBXFileReference; fileEncoding = 4; lastKnownFileType = sourcecode.c.h; path = GDataHTTPFetcher.h; sourceTree = "<group>"; };
		0AD64C31139AEA5800E01398 /* GDataHTTPFetcher.m */ = {isa = PBXFileReference; fileEncoding = 4; lastKnownFileType = sourcecode.c.objc; path = GDataHTTPFetcher.m; sourceTree = "<group>"; };
		0AD64C32139AEA5800E01398 /* GDataHTTPFetcherLogging.h */ = {isa = PBXFileReference; fileEncoding = 4; lastKnownFileType = sourcecode.c.h; path = GDataHTTPFetcherLogging.h; sourceTree = "<group>"; };
		0AD64C33139AEA5800E01398 /* GDataHTTPFetcherLogging.m */ = {isa = PBXFileReference; fileEncoding = 4; lastKnownFileType = sourcecode.c.objc; path = GDataHTTPFetcherLogging.m; sourceTree = "<group>"; };
		0AD64C34139AEA5800E01398 /* GDataProgressMonitorInputStream.h */ = {isa = PBXFileReference; fileEncoding = 4; lastKnownFileType = sourcecode.c.h; path = GDataProgressMonitorInputStream.h; sourceTree = "<group>"; };
		0AD64C35139AEA5800E01398 /* GDataProgressMonitorInputStream.m */ = {isa = PBXFileReference; fileEncoding = 4; lastKnownFileType = sourcecode.c.objc; path = GDataProgressMonitorInputStream.m; sourceTree = "<group>"; };
		0AD64C39139AEA7E00E01398 /* NSString+NWToolbox.h */ = {isa = PBXFileReference; fileEncoding = 4; lastKnownFileType = sourcecode.c.h; path = "NSString+NWToolbox.h"; sourceTree = "<group>"; };
		0AD64C3A139AEA7E00E01398 /* NSString+NWToolbox.m */ = {isa = PBXFileReference; fileEncoding = 4; lastKnownFileType = sourcecode.c.objc; path = "NSString+NWToolbox.m"; sourceTree = "<group>"; };
		0AD64C3C139AEA8B00E01398 /* NWUtils.h */ = {isa = PBXFileReference; fileEncoding = 4; lastKnownFileType = sourcecode.c.h; path = NWUtils.h; sourceTree = "<group>"; };
		0AD64C3D139AEA8B00E01398 /* NWUtils.m */ = {isa = PBXFileReference; fileEncoding = 4; lastKnownFileType = sourcecode.c.objc; path = NWUtils.m; sourceTree = "<group>"; };
		0AD64C3F139AEA9900E01398 /* UIImageAdditions.h */ = {isa = PBXFileReference; fileEncoding = 4; lastKnownFileType = sourcecode.c.h; path = UIImageAdditions.h; sourceTree = "<group>"; };
		0AD64C40139AEA9900E01398 /* UIImageAdditions.m */ = {isa = PBXFileReference; fileEncoding = 4; lastKnownFileType = sourcecode.c.objc; path = UIImageAdditions.m; sourceTree = "<group>"; };
		0AD64C42139AEAAD00E01398 /* NSData+NWToolbox.h */ = {isa = PBXFileReference; fileEncoding = 4; lastKnownFileType = sourcecode.c.h; path = "NSData+NWToolbox.h"; sourceTree = "<group>"; };
		0AD64C43139AEAAD00E01398 /* NSData+NWToolbox.m */ = {isa = PBXFileReference; fileEncoding = 4; lastKnownFileType = sourcecode.c.objc; path = "NSData+NWToolbox.m"; sourceTree = "<group>"; };
		0AD64C45139AEAC800E01398 /* QuartzCore.framework */ = {isa = PBXFileReference; lastKnownFileType = wrapper.framework; name = QuartzCore.framework; path = System/Library/Frameworks/QuartzCore.framework; sourceTree = SDKROOT; };
		0AD64C48139AEB9600E01398 /* MICoupon.h */ = {isa = PBXFileReference; fileEncoding = 4; lastKnownFileType = sourcecode.c.h; path = MICoupon.h; sourceTree = "<group>"; };
		0AD64C49139AEB9600E01398 /* MICoupon.m */ = {isa = PBXFileReference; fileEncoding = 4; lastKnownFileType = sourcecode.c.objc; path = MICoupon.m; sourceTree = "<group>"; };
		0AD64C4C139AED2700E01398 /* DealMe-+-icon.png */ = {isa = PBXFileReference; lastKnownFileType = image.png; path = "DealMe-+-icon.png"; sourceTree = "<group>"; };
		0AD64C4D139AED2700E01398 /* DealMe->-icon.png */ = {isa = PBXFileReference; lastKnownFileType = image.png; path = "DealMe->-icon.png"; sourceTree = "<group>"; };
		0AD64C4E139AED2700E01398 /* DealMe-background.png */ = {isa = PBXFileReference; lastKnownFileType = image.png; path = "DealMe-background.png"; sourceTree = "<group>"; };
		0AD64C4F139AED2700E01398 /* DealMe-Boom-Logo.png */ = {isa = PBXFileReference; lastKnownFileType = image.png; path = "DealMe-Boom-Logo.png"; sourceTree = "<group>"; };
		0AD64C50139AED2700E01398 /* DealMe-Buy-Logo.png */ = {isa = PBXFileReference; lastKnownFileType = image.png; path = "DealMe-Buy-Logo.png"; sourceTree = "<group>"; };
		0AD64C51139AED2700E01398 /* DealMe-Groupon-Logo.png */ = {isa = PBXFileReference; lastKnownFileType = image.png; path = "DealMe-Groupon-Logo.png"; sourceTree = "<group>"; };
		0AD64C52139AED2700E01398 /* DealMe-Living-Logo.png */ = {isa = PBXFileReference; lastKnownFileType = image.png; path = "DealMe-Living-Logo.png"; sourceTree = "<group>"; };
		0AD64C53139AED2700E01398 /* DealMe-Logo-L.png */ = {isa = PBXFileReference; lastKnownFileType = image.png; path = "DealMe-Logo-L.png"; sourceTree = "<group>"; };
		0AD64C54139AED2700E01398 /* DealMe-Logo-S.png */ = {isa = PBXFileReference; lastKnownFileType = image.png; path = "DealMe-Logo-S.png"; sourceTree = "<group>"; };
		0AD64C55139AED2700E01398 /* DealMe-twitter-icon.png */ = {isa = PBXFileReference; lastKnownFileType = image.png; path = "DealMe-twitter-icon.png"; sourceTree = "<group>"; };
		0AD64C60139AEF6200E01398 /* DealMe-Placeholder.png */ = {isa = PBXFileReference; lastKnownFileType = image.png; path = "DealMe-Placeholder.png"; sourceTree = "<group>"; };
		0AD64C62139AF27700E01398 /* MIAddCouponTableViewCell.h */ = {isa = PBXFileReference; fileEncoding = 4; lastKnownFileType = sourcecode.c.h; path = MIAddCouponTableViewCell.h; sourceTree = "<group>"; };
		0AD64C63139AF27800E01398 /* MIAddCouponTableViewCell.m */ = {isa = PBXFileReference; fileEncoding = 4; lastKnownFileType = sourcecode.c.objc; path = MIAddCouponTableViewCell.m; sourceTree = "<group>"; };
		0AD64C6D139B035600E01398 /* DealMe-Barcode.png */ = {isa = PBXFileReference; lastKnownFileType = image.png; path = "DealMe-Barcode.png"; sourceTree = "<group>"; };
		0AD64C6E139B035600E01398 /* DealMe-Priceholder.png */ = {isa = PBXFileReference; lastKnownFileType = image.png; path = "DealMe-Priceholder.png"; sourceTree = "<group>"; };
		0AD64C71139B06A800E01398 /* NWBackArrow.png */ = {isa = PBXFileReference; lastKnownFileType = image.png; path = NWBackArrow.png; sourceTree = "<group>"; };
		0AD64C73139B072A00E01398 /* MIHeaderView.h */ = {isa = PBXFileReference; fileEncoding = 4; lastKnownFileType = sourcecode.c.h; path = MIHeaderView.h; sourceTree = "<group>"; };
		0AD64C74139B072C00E01398 /* MIHeaderView.m */ = {isa = PBXFileReference; fileEncoding = 4; lastKnownFileType = sourcecode.c.objc; path = MIHeaderView.m; sourceTree = "<group>"; };
		D74C3E61139AFDFB001101A2 /* MIBackendConnection.h */ = {isa = PBXFileReference; fileEncoding = 4; lastKnownFileType = sourcecode.c.h; path = MIBackendConnection.h; sourceTree = "<group>"; };
		D74C3E62139AFDFB001101A2 /* MIBackendConnection.m */ = {isa = PBXFileReference; fileEncoding = 4; lastKnownFileType = sourcecode.c.objc; path = MIBackendConnection.m; sourceTree = "<group>"; };
		D78B635C139B08C800F476FB /* JSONKit.h */ = {isa = PBXFileReference; fileEncoding = 4; lastKnownFileType = sourcecode.c.h; path = JSONKit.h; sourceTree = "<group>"; };
		D78B635D139B08C800F476FB /* JSONKit.m */ = {isa = PBXFileReference; fileEncoding = 4; lastKnownFileType = sourcecode.c.objc; path = JSONKit.m; sourceTree = "<group>"; };
		D78B6394139B0CD200F476FB /* Tests.octest */ = {isa = PBXFileReference; explicitFileType = wrapper.cfbundle; includeInIndex = 0; path = Tests.octest; sourceTree = BUILT_PRODUCTS_DIR; };
		D78B639A139B0CD300F476FB /* Tests-Info.plist */ = {isa = PBXFileReference; lastKnownFileType = text.plist.xml; path = "Tests-Info.plist"; sourceTree = "<group>"; };
		D78B639C139B0CD300F476FB /* en */ = {isa = PBXFileReference; lastKnownFileType = text.plist.strings; name = en; path = en.lproj/InfoPlist.strings; sourceTree = "<group>"; };
		D78B639E139B0CD300F476FB /* Tests-Prefix.pch */ = {isa = PBXFileReference; lastKnownFileType = sourcecode.c.h; path = "Tests-Prefix.pch"; sourceTree = "<group>"; };
		D78B639F139B0CD300F476FB /* Tests.h */ = {isa = PBXFileReference; lastKnownFileType = sourcecode.c.h; path = Tests.h; sourceTree = "<group>"; };
		D78B63A1139B0CD300F476FB /* Tests.m */ = {isa = PBXFileReference; lastKnownFileType = sourcecode.c.objc; path = Tests.m; sourceTree = "<group>"; };
/* End PBXFileReference section */

/* Begin PBXFrameworksBuildPhase section */
		0AD64B79139AD89A00E01398 /* Frameworks */ = {
			isa = PBXFrameworksBuildPhase;
			buildActionMask = 2147483647;
			files = (
				0AD64C46139AEAC900E01398 /* QuartzCore.framework in Frameworks */,
				0AD64B81139AD89A00E01398 /* UIKit.framework in Frameworks */,
				0AD64B83139AD89A00E01398 /* Foundation.framework in Frameworks */,
				0AD64B85139AD89A00E01398 /* CoreGraphics.framework in Frameworks */,
			);
			runOnlyForDeploymentPostprocessing = 0;
		};
		D78B6390139B0CD200F476FB /* Frameworks */ = {
			isa = PBXFrameworksBuildPhase;
			buildActionMask = 2147483647;
			files = (
				D78B6395139B0CD300F476FB /* UIKit.framework in Frameworks */,
				D78B6396139B0CD300F476FB /* Foundation.framework in Frameworks */,
				D78B6397139B0CD300F476FB /* CoreGraphics.framework in Frameworks */,
			);
			runOnlyForDeploymentPostprocessing = 0;
		};
/* End PBXFrameworksBuildPhase section */

/* Begin PBXGroup section */
		0AD64B71139AD89A00E01398 = {
			isa = PBXGroup;
			children = (
				0AD64B86139AD89A00E01398 /* miDeals */,
				D78B6398139B0CD300F476FB /* Tests */,
				0AD64B7F139AD89A00E01398 /* Frameworks */,
				0AD64B7D139AD89A00E01398 /* Products */,
			);
			sourceTree = "<group>";
		};
		0AD64B7D139AD89A00E01398 /* Products */ = {
			isa = PBXGroup;
			children = (
				0AD64B7C139AD89A00E01398 /* Deal Me.app */,
				D78B6394139B0CD200F476FB /* Tests.octest */,
			);
			name = Products;
			sourceTree = "<group>";
		};
		0AD64B7F139AD89A00E01398 /* Frameworks */ = {
			isa = PBXGroup;
			children = (
				0AD64C45139AEAC800E01398 /* QuartzCore.framework */,
				0AD64B80139AD89A00E01398 /* UIKit.framework */,
				0AD64B82139AD89A00E01398 /* Foundation.framework */,
				0AD64B84139AD89A00E01398 /* CoreGraphics.framework */,
			);
			name = Frameworks;
			sourceTree = "<group>";
		};
		0AD64B86139AD89A00E01398 /* miDeals */ = {
			isa = PBXGroup;
			children = (
				0AD64C4B139AED2600E01398 /* Resources */,
				0AD64BD2139ADA6200E01398 /* Extensions */,
				0AD64B87139AD89A00E01398 /* Supporting Files */,
				0AD64C47139AEB8700E01398 /* Data Objects */,
				D74C3E5D139AFDEC001101A2 /* Backend */,
				0AD64B8F139AD89A00E01398 /* miDealsAppDelegate.h */,
				0AD64B90139AD89A00E01398 /* miDealsAppDelegate.m */,
				0AD64B92139AD89A00E01398 /* MainWindow.xib */,
				0AD64B95139AD89A00E01398 /* MILoginViewController.h */,
				0AD64B96139AD89A00E01398 /* MILoginViewController.m */,
				0AD64B98139AD89A00E01398 /* MILoginViewController.xib */,
				0AA450F4139B102E007F4556 /* MITextField.h */,
				0AA450F5139B102E007F4556 /* MITextField.m */,
				0AD64BDE139ADD2500E01398 /* MICouponsTableViewController.h */,
				0AD64BDF139ADD2500E01398 /* MICouponsTableViewController.m */,
				0AD64BE0139ADD2500E01398 /* MICouponsTableViewController.xib */,
				0AD64BE9139ADDE600E01398 /* MICouponDetailsViewController.h */,
				0AD64BEA139ADDE600E01398 /* MICouponDetailsViewController.m */,
				0AD64BEB139ADDE600E01398 /* MICouponDetailsViewController.xib */,
				0AD64BE4139ADDA300E01398 /* MIAddCouponTableViewController.h */,
				0AD64BE5139ADDA300E01398 /* MIAddCouponTableViewController.m */,
				0AD64BE6139ADDA300E01398 /* MIAddCouponTableViewController.xib */,
				0AD64BF2139AE6A700E01398 /* MIViewController.h */,
				0AD64BF3139AE6A700E01398 /* MIViewController.m */,
				0AD64BF6139AE6FF00E01398 /* MITableViewController.h */,
				0AD64BF7139AE70000E01398 /* MITableViewController.m */,
				0AD64C73139B072A00E01398 /* MIHeaderView.h */,
				0AD64C74139B072C00E01398 /* MIHeaderView.m */,
				0AD64BF9139AE83100E01398 /* MICouponTableViewCell.h */,
				0AD64BFA139AE83200E01398 /* MICouponTableViewCell.m */,
				0AD64C62139AF27700E01398 /* MIAddCouponTableViewCell.h */,
				0AD64C63139AF27800E01398 /* MIAddCouponTableViewCell.m */,
			);
			path = miDeals;
			sourceTree = "<group>";
		};
		0AD64B87139AD89A00E01398 /* Supporting Files */ = {
			isa = PBXGroup;
			children = (
				0AD64B88139AD89A00E01398 /* miDeals-Info.plist */,
				0AD64B89139AD89A00E01398 /* InfoPlist.strings */,
				0AD64B8C139AD89A00E01398 /* miDeals-Prefix.pch */,
				0AD64B8D139AD89A00E01398 /* main.m */,
			);
			name = "Supporting Files";
			sourceTree = "<group>";
		};
		0AD64BD2139ADA6200E01398 /* Extensions */ = {
			isa = PBXGroup;
			children = (
				0AD64C2E139AEA5800E01398 /* GData */,
				0AD64C28139AE97B00E01398 /* NWAsyncImage.h */,
				0AD64C29139AE97B00E01398 /* NWAsyncImage.m */,
				0AD64C2A139AE97B00E01398 /* NWAsyncImageView.h */,
				0AD64C2B139AE97B00E01398 /* NWAsyncImageView.m */,
				0AD64BD3139ADA7B00E01398 /* UIAlertView+NWToolbox.h */,
				0AD64BD4139ADA7B00E01398 /* UIAlertView+NWToolbox.m */,
				0AD64C39139AEA7E00E01398 /* NSString+NWToolbox.h */,
				0AD64C3A139AEA7E00E01398 /* NSString+NWToolbox.m */,
				0AD64C3C139AEA8B00E01398 /* NWUtils.h */,
				0AD64C3D139AEA8B00E01398 /* NWUtils.m */,
				0AD64C3F139AEA9900E01398 /* UIImageAdditions.h */,
				0AD64C40139AEA9900E01398 /* UIImageAdditions.m */,
				0AD64C42139AEAAD00E01398 /* NSData+NWToolbox.h */,
				0AD64C43139AEAAD00E01398 /* NSData+NWToolbox.m */,
			);
			name = Extensions;
			sourceTree = "<group>";
		};
		0AD64C2E139AEA5800E01398 /* GData */ = {
			isa = PBXGroup;
			children = (
				0AD64C2F139AEA5800E01398 /* GDataDefines.h */,
				0AD64C30139AEA5800E01398 /* GDataHTTPFetcher.h */,
				0AD64C31139AEA5800E01398 /* GDataHTTPFetcher.m */,
				0AD64C32139AEA5800E01398 /* GDataHTTPFetcherLogging.h */,
				0AD64C33139AEA5800E01398 /* GDataHTTPFetcherLogging.m */,
				0AD64C34139AEA5800E01398 /* GDataProgressMonitorInputStream.h */,
				0AD64C35139AEA5800E01398 /* GDataProgressMonitorInputStream.m */,
			);
			path = GData;
			sourceTree = "<group>";
		};
		0AD64C47139AEB8700E01398 /* Data Objects */ = {
			isa = PBXGroup;
			children = (
				0AD64C48139AEB9600E01398 /* MICoupon.h */,
				0AD64C49139AEB9600E01398 /* MICoupon.m */,
			);
			name = "Data Objects";
			sourceTree = "<group>";
		};
		0AD64C4B139AED2600E01398 /* Resources */ = {
			isa = PBXGroup;
			children = (
				0AA450FF139B1754007F4556 /* Default.png */,
				0AA450EF139B0C68007F4556 /* DealMe-Field.png */,
				0AA450F0139B0C68007F4556 /* DealMe-Login-Button.png */,
				0AD64C71139B06A800E01398 /* NWBackArrow.png */,
				0AD64C6D139B035600E01398 /* DealMe-Barcode.png */,
				0AD64C6E139B035600E01398 /* DealMe-Priceholder.png */,
				0AD64C60139AEF6200E01398 /* DealMe-Placeholder.png */,
				0AD64C4C139AED2700E01398 /* DealMe-+-icon.png */,
				0AD64C4D139AED2700E01398 /* DealMe->-icon.png */,
				0AD64C4E139AED2700E01398 /* DealMe-background.png */,
				0AD64C4F139AED2700E01398 /* DealMe-Boom-Logo.png */,
				0AD64C50139AED2700E01398 /* DealMe-Buy-Logo.png */,
				0AD64C51139AED2700E01398 /* DealMe-Groupon-Logo.png */,
				0AD64C52139AED2700E01398 /* DealMe-Living-Logo.png */,
				0AD64C53139AED2700E01398 /* DealMe-Logo-L.png */,
				0AD64C54139AED2700E01398 /* DealMe-Logo-S.png */,
				0AD64C55139AED2700E01398 /* DealMe-twitter-icon.png */,
			);
			path = Resources;
			sourceTree = "<group>";
		};
		D74C3E5D139AFDEC001101A2 /* Backend */ = {
			isa = PBXGroup;
			children = (
				D78B635C139B08C800F476FB /* JSONKit.h */,
				D78B635D139B08C800F476FB /* JSONKit.m */,
				D74C3E61139AFDFB001101A2 /* MIBackendConnection.h */,
				D74C3E62139AFDFB001101A2 /* MIBackendConnection.m */,
			);
			path = Backend;
			sourceTree = "<group>";
		};
		D78B6398139B0CD300F476FB /* Tests */ = {
			isa = PBXGroup;
			children = (
				D78B639F139B0CD300F476FB /* Tests.h */,
				D78B63A1139B0CD300F476FB /* Tests.m */,
				D78B6399139B0CD300F476FB /* Supporting Files */,
			);
			path = Tests;
			sourceTree = "<group>";
		};
		D78B6399139B0CD300F476FB /* Supporting Files */ = {
			isa = PBXGroup;
			children = (
				D78B639A139B0CD300F476FB /* Tests-Info.plist */,
				D78B639B139B0CD300F476FB /* InfoPlist.strings */,
				D78B639E139B0CD300F476FB /* Tests-Prefix.pch */,
			);
			name = "Supporting Files";
			sourceTree = "<group>";
		};
/* End PBXGroup section */

/* Begin PBXNativeTarget section */
		0AD64B7B139AD89A00E01398 /* miDeals */ = {
			isa = PBXNativeTarget;
			buildConfigurationList = 0AD64B9D139AD89A00E01398 /* Build configuration list for PBXNativeTarget "miDeals" */;
			buildPhases = (
				0AD64B78139AD89A00E01398 /* Sources */,
				0AD64B79139AD89A00E01398 /* Frameworks */,
				0AD64B7A139AD89A00E01398 /* Resources */,
			);
			buildRules = (
			);
			dependencies = (
			);
			name = miDeals;
			productName = miDeals;
			productReference = 0AD64B7C139AD89A00E01398 /* Deal Me.app */;
			productType = "com.apple.product-type.application";
		};
		D78B6393139B0CD200F476FB /* Tests */ = {
			isa = PBXNativeTarget;
			buildConfigurationList = D78B63A3139B0CD300F476FB /* Build configuration list for PBXNativeTarget "Tests" */;
			buildPhases = (
				D78B638F139B0CD200F476FB /* Sources */,
				D78B6390139B0CD200F476FB /* Frameworks */,
				D78B6391139B0CD200F476FB /* Resources */,
				D78B6392139B0CD200F476FB /* ShellScript */,
			);
			buildRules = (
			);
			dependencies = (
				D78B63A7139B0CF400F476FB /* PBXTargetDependency */,
			);
			name = Tests;
			productName = Tests;
			productReference = D78B6394139B0CD200F476FB /* Tests.octest */;
			productType = "com.apple.product-type.bundle";
		};
/* End PBXNativeTarget section */

/* Begin PBXProject section */
		0AD64B73139AD89A00E01398 /* Project object */ = {
			isa = PBXProject;
			buildConfigurationList = 0AD64B76139AD89A00E01398 /* Build configuration list for PBXProject "miDeals" */;
			compatibilityVersion = "Xcode 3.2";
			developmentRegion = English;
			hasScannedForEncodings = 0;
			knownRegions = (
				en,
			);
			mainGroup = 0AD64B71139AD89A00E01398;
			productRefGroup = 0AD64B7D139AD89A00E01398 /* Products */;
			projectDirPath = "";
			projectRoot = "";
			targets = (
				0AD64B7B139AD89A00E01398 /* miDeals */,
				D78B6393139B0CD200F476FB /* Tests */,
			);
		};
/* End PBXProject section */

/* Begin PBXResourcesBuildPhase section */
		0AD64B7A139AD89A00E01398 /* Resources */ = {
			isa = PBXResourcesBuildPhase;
			buildActionMask = 2147483647;
			files = (
				0AD64B8B139AD89A00E01398 /* InfoPlist.strings in Resources */,
				0AD64B94139AD89A00E01398 /* MainWindow.xib in Resources */,
				0AD64B9A139AD89A00E01398 /* MILoginViewController.xib in Resources */,
				0AD64BE2139ADD2500E01398 /* MICouponsTableViewController.xib in Resources */,
				0AD64BE8139ADDA300E01398 /* MIAddCouponTableViewController.xib in Resources */,
				0AD64BED139ADDE600E01398 /* MICouponDetailsViewController.xib in Resources */,
				0AD64C56139AED2700E01398 /* DealMe-+-icon.png in Resources */,
				0AD64C57139AED2700E01398 /* DealMe->-icon.png in Resources */,
				0AD64C58139AED2700E01398 /* DealMe-background.png in Resources */,
				0AD64C59139AED2700E01398 /* DealMe-Boom-Logo.png in Resources */,
				0AD64C5A139AED2700E01398 /* DealMe-Buy-Logo.png in Resources */,
				0AD64C5B139AED2700E01398 /* DealMe-Groupon-Logo.png in Resources */,
				0AD64C5C139AED2700E01398 /* DealMe-Living-Logo.png in Resources */,
				0AD64C5D139AED2700E01398 /* DealMe-Logo-L.png in Resources */,
				0AD64C5E139AED2700E01398 /* DealMe-Logo-S.png in Resources */,
				0AD64C5F139AED2700E01398 /* DealMe-twitter-icon.png in Resources */,
				0AD64C61139AEF6200E01398 /* DealMe-Placeholder.png in Resources */,
				0AD64C6F139B035700E01398 /* DealMe-Barcode.png in Resources */,
				0AD64C70139B035700E01398 /* DealMe-Priceholder.png in Resources */,
				0AD64C72139B06A900E01398 /* NWBackArrow.png in Resources */,
				0AA450F1139B0C68007F4556 /* DealMe-Field.png in Resources */,
				0AA450F2139B0C68007F4556 /* DealMe-Login-Button.png in Resources */,
				0AA45100139B1754007F4556 /* Default.png in Resources */,
			);
			runOnlyForDeploymentPostprocessing = 0;
		};
		D78B6391139B0CD200F476FB /* Resources */ = {
			isa = PBXResourcesBuildPhase;
			buildActionMask = 2147483647;
			files = (
				D78B639D139B0CD300F476FB /* InfoPlist.strings in Resources */,
				D78B63A0139B0CD300F476FB /* Tests.h in Resources */,
			);
			runOnlyForDeploymentPostprocessing = 0;
		};
/* End PBXResourcesBuildPhase section */

/* Begin PBXShellScriptBuildPhase section */
		D78B6392139B0CD200F476FB /* ShellScript */ = {
			isa = PBXShellScriptBuildPhase;
			buildActionMask = 2147483647;
			files = (
			);
			inputPaths = (
			);
			outputPaths = (
			);
			runOnlyForDeploymentPostprocessing = 0;
			shellPath = /bin/sh;
			shellScript = "# Run the unit tests in this test bundle.\n\"${SYSTEM_DEVELOPER_DIR}/Tools/RunUnitTests\"\n";
		};
/* End PBXShellScriptBuildPhase section */

/* Begin PBXSourcesBuildPhase section */
		0AD64B78139AD89A00E01398 /* Sources */ = {
			isa = PBXSourcesBuildPhase;
			buildActionMask = 2147483647;
			files = (
				0AD64B8E139AD89A00E01398 /* main.m in Sources */,
				0AD64B91139AD89A00E01398 /* miDealsAppDelegate.m in Sources */,
				0AD64B97139AD89A00E01398 /* MILoginViewController.m in Sources */,
				0AD64BD5139ADA7B00E01398 /* UIAlertView+NWToolbox.m in Sources */,
				0AD64BE1139ADD2500E01398 /* MICouponsTableViewController.m in Sources */,
				0AD64BE7139ADDA300E01398 /* MIAddCouponTableViewController.m in Sources */,
				0AD64BEC139ADDE600E01398 /* MICouponDetailsViewController.m in Sources */,
				0AD64BF4139AE6A700E01398 /* MIViewController.m in Sources */,
				0AD64BF8139AE70000E01398 /* MITableViewController.m in Sources */,
				0AD64BFB139AE83200E01398 /* MICouponTableViewCell.m in Sources */,
				0AD64C2C139AE97B00E01398 /* NWAsyncImage.m in Sources */,
				0AD64C2D139AE97B00E01398 /* NWAsyncImageView.m in Sources */,
				0AD64C36139AEA5800E01398 /* GDataHTTPFetcher.m in Sources */,
				0AD64C37139AEA5800E01398 /* GDataHTTPFetcherLogging.m in Sources */,
				0AD64C38139AEA5800E01398 /* GDataProgressMonitorInputStream.m in Sources */,
				0AD64C3B139AEA7E00E01398 /* NSString+NWToolbox.m in Sources */,
				0AD64C3E139AEA8B00E01398 /* NWUtils.m in Sources */,
				0AD64C41139AEA9900E01398 /* UIImageAdditions.m in Sources */,
				0AD64C44139AEAAD00E01398 /* NSData+NWToolbox.m in Sources */,
				0AD64C4A139AEB9600E01398 /* MICoupon.m in Sources */,
				D74C3E63139AFDFB001101A2 /* MIBackendConnection.m in Sources */,
				0AD64C64139AF27A00E01398 /* MIAddCouponTableViewCell.m in Sources */,
				0AD64C75139B072F00E01398 /* MIHeaderView.m in Sources */,
				0AA450F6139B102E007F4556 /* MITextField.m in Sources */,
				D78B635E139B08C800F476FB /* JSONKit.m in Sources */,
			);
			runOnlyForDeploymentPostprocessing = 0;
		};
		D78B638F139B0CD200F476FB /* Sources */ = {
			isa = PBXSourcesBuildPhase;
			buildActionMask = 2147483647;
			files = (
				D78B63A2139B0CD300F476FB /* Tests.m in Sources */,
			);
			runOnlyForDeploymentPostprocessing = 0;
		};
/* End PBXSourcesBuildPhase section */

/* Begin PBXTargetDependency section */
		D78B63A7139B0CF400F476FB /* PBXTargetDependency */ = {
			isa = PBXTargetDependency;
			target = 0AD64B7B139AD89A00E01398 /* miDeals */;
			targetProxy = D78B63A6139B0CF400F476FB /* PBXContainerItemProxy */;
		};
/* End PBXTargetDependency section */

/* Begin PBXVariantGroup section */
		0AD64B89139AD89A00E01398 /* InfoPlist.strings */ = {
			isa = PBXVariantGroup;
			children = (
				0AD64B8A139AD89A00E01398 /* en */,
			);
			name = InfoPlist.strings;
			sourceTree = "<group>";
		};
		0AD64B92139AD89A00E01398 /* MainWindow.xib */ = {
			isa = PBXVariantGroup;
			children = (
				0AD64B93139AD89A00E01398 /* en */,
			);
			name = MainWindow.xib;
			sourceTree = "<group>";
		};
		0AD64B98139AD89A00E01398 /* MILoginViewController.xib */ = {
			isa = PBXVariantGroup;
			children = (
				0AD64B99139AD89A00E01398 /* en */,
			);
			name = MILoginViewController.xib;
			sourceTree = "<group>";
		};
		D78B639B139B0CD300F476FB /* InfoPlist.strings */ = {
			isa = PBXVariantGroup;
			children = (
				D78B639C139B0CD300F476FB /* en */,
			);
			name = InfoPlist.strings;
			sourceTree = "<group>";
		};
/* End PBXVariantGroup section */

/* Begin XCBuildConfiguration section */
		0AD64B9B139AD89A00E01398 /* Debug */ = {
			isa = XCBuildConfiguration;
			buildSettings = {
				ARCHS = "$(ARCHS_STANDARD_32_BIT)";
				"CODE_SIGN_IDENTITY[sdk=iphoneos*]" = "iPhone Developer";
				GCC_C_LANGUAGE_STANDARD = gnu99;
				GCC_OPTIMIZATION_LEVEL = 0;
				GCC_PREPROCESSOR_DEFINITIONS = DEBUG;
				GCC_SYMBOLS_PRIVATE_EXTERN = NO;
				GCC_VERSION = com.apple.compilers.llvmgcc42;
				GCC_WARN_ABOUT_RETURN_TYPE = YES;
				GCC_WARN_UNUSED_VARIABLE = YES;
				IPHONEOS_DEPLOYMENT_TARGET = 4.3;
				SDKROOT = iphoneos;
			};
			name = Debug;
		};
		0AD64B9C139AD89A00E01398 /* Release */ = {
			isa = XCBuildConfiguration;
			buildSettings = {
				ARCHS = "$(ARCHS_STANDARD_32_BIT)";
				"CODE_SIGN_IDENTITY[sdk=iphoneos*]" = "iPhone Developer";
				GCC_C_LANGUAGE_STANDARD = gnu99;
				GCC_VERSION = com.apple.compilers.llvmgcc42;
				GCC_WARN_ABOUT_RETURN_TYPE = YES;
				GCC_WARN_UNUSED_VARIABLE = YES;
				IPHONEOS_DEPLOYMENT_TARGET = 4.3;
				OTHER_CFLAGS = "-DNS_BLOCK_ASSERTIONS=1";
				SDKROOT = iphoneos;
			};
			name = Release;
		};
		0AD64B9E139AD89A00E01398 /* Debug */ = {
			isa = XCBuildConfiguration;
			buildSettings = {
				ALWAYS_SEARCH_USER_PATHS = NO;
				COPY_PHASE_STRIP = NO;
				GCC_DYNAMIC_NO_PIC = NO;
				GCC_PRECOMPILE_PREFIX_HEADER = YES;
				GCC_PREFIX_HEADER = "miDeals/miDeals-Prefix.pch";
				INFOPLIST_FILE = "miDeals/miDeals-Info.plist";
				PRODUCT_NAME = "Deal Me";
				WRAPPER_EXTENSION = app;
			};
			name = Debug;
		};
		0AD64B9F139AD89A00E01398 /* Release */ = {
			isa = XCBuildConfiguration;
			buildSettings = {
				ALWAYS_SEARCH_USER_PATHS = NO;
				COPY_PHASE_STRIP = YES;
				GCC_PRECOMPILE_PREFIX_HEADER = YES;
				GCC_PREFIX_HEADER = "miDeals/miDeals-Prefix.pch";
				INFOPLIST_FILE = "miDeals/miDeals-Info.plist";
				PRODUCT_NAME = "Deal Me";
				VALIDATE_PRODUCT = YES;
				WRAPPER_EXTENSION = app;
			};
			name = Release;
		};
		D78B63A4139B0CD300F476FB /* Debug */ = {
			isa = XCBuildConfiguration;
			buildSettings = {
				ALWAYS_SEARCH_USER_PATHS = NO;
				BUNDLE_LOADER = "$(BUILT_PRODUCTS_DIR)/miDeals.app/miDeals";
				FRAMEWORK_SEARCH_PATHS = (
					"$(SDKROOT)/Developer/Library/Frameworks",
					"$(DEVELOPER_LIBRARY_DIR)/Frameworks",
				);
				GCC_PRECOMPILE_PREFIX_HEADER = YES;
				GCC_PREFIX_HEADER = "Tests/Tests-Prefix.pch";
				INFOPLIST_FILE = "Tests/Tests-Info.plist";
				LIBRARY_SEARCH_PATHS = (
					"\"$(SRCROOT)\"",
					"$(inherited)",
				);
				OTHER_LDFLAGS = (
					"-framework",
					SenTestingKit,
				);
				PRODUCT_NAME = "$(TARGET_NAME)";
				TEST_HOST = "$(BUNDLE_LOADER)";
				WRAPPER_EXTENSION = octest;
			};
			name = Debug;
		};
		D78B63A5139B0CD300F476FB /* Release */ = {
			isa = XCBuildConfiguration;
			buildSettings = {
				ALWAYS_SEARCH_USER_PATHS = NO;
				BUNDLE_LOADER = "$(BUILT_PRODUCTS_DIR)/miDeals.app/miDeals";
				FRAMEWORK_SEARCH_PATHS = (
					"$(SDKROOT)/Developer/Library/Frameworks",
					"$(DEVELOPER_LIBRARY_DIR)/Frameworks",
				);
				GCC_PRECOMPILE_PREFIX_HEADER = YES;
				GCC_PREFIX_HEADER = "Tests/Tests-Prefix.pch";
				INFOPLIST_FILE = "Tests/Tests-Info.plist";
				LIBRARY_SEARCH_PATHS = (
					"\"$(SRCROOT)\"",
					"$(inherited)",
				);
				OTHER_LDFLAGS = (
					"-framework",
					SenTestingKit,
				);
				PRODUCT_NAME = "$(TARGET_NAME)";
				TEST_HOST = "$(BUNDLE_LOADER)";
				WRAPPER_EXTENSION = octest;
			};
			name = Release;
		};
/* End XCBuildConfiguration section */

/* Begin XCConfigurationList section */
		0AD64B76139AD89A00E01398 /* Build configuration list for PBXProject "miDeals" */ = {
			isa = XCConfigurationList;
			buildConfigurations = (
				0AD64B9B139AD89A00E01398 /* Debug */,
				0AD64B9C139AD89A00E01398 /* Release */,
			);
			defaultConfigurationIsVisible = 0;
			defaultConfigurationName = Release;
		};
		0AD64B9D139AD89A00E01398 /* Build configuration list for PBXNativeTarget "miDeals" */ = {
			isa = XCConfigurationList;
			buildConfigurations = (
				0AD64B9E139AD89A00E01398 /* Debug */,
				0AD64B9F139AD89A00E01398 /* Release */,
			);
			defaultConfigurationIsVisible = 0;
			defaultConfigurationName = Release;
		};
		D78B63A3139B0CD300F476FB /* Build configuration list for PBXNativeTarget "Tests" */ = {
			isa = XCConfigurationList;
			buildConfigurations = (
				D78B63A4139B0CD300F476FB /* Debug */,
				D78B63A5139B0CD300F476FB /* Release */,
			);
			defaultConfigurationIsVisible = 0;
			defaultConfigurationName = Release;
		};
/* End XCConfigurationList section */
	};
	rootObject = 0AD64B73139AD89A00E01398 /* Project object */;
}
